
Microsoft Visual Studio Solution File, Format Version 12.00
# Visual Studio 15
VisualStudioVersion = 15.0.28307.1259
MinimumVisualStudioVersion = 10.0.40219.1
Project("{FAE04EC0-301F-11D3-BF4B-00C04F79EFBC}") = "ServerdanClient_Dimas Bagas AjiPratama_20180140021", "ServerdanClient_Dimas Bagas AjiPratama_20180140021\ServerdanClient_Dimas Bagas AjiPratama_20180140021.csproj", "{1B0A81A4-BC93-4368-89C1-9C0FCBA95279}"
EndProject
Global
	GlobalSection(SolutionConfigurationPlatforms) = preSolution
		Debug|Any CPU = Debug|Any CPU
		Release|Any CPU = Release|Any CPU
	EndGlobalSection
	GlobalSection(ProjectConfigurationPlatforms) = postSolution
		{1B0A81A4-BC93-4368-89C1-9C0FCBA95279}.Debug|Any CPU.ActiveCfg = Debug|Any CPU
		{1B0A81A4-BC93-4368-89C1-9C0FCBA95279}.Debug|Any CPU.Build.0 = Debug|Any CPU
		{1B0A81A4-BC93-4368-89C1-9C0FCBA95279}.Release|Any CPU.ActiveCfg = Release|Any CPU
		{1B0A81A4-BC93-4368-89C1-9C0FCBA95279}.Release|Any CPU.Build.0 = Release|Any CPU
	EndGlobalSection
	GlobalSection(SolutionProperties) = preSolution
		HideSolutionNode = FALSE
	EndGlobalSection
	GlobalSection(ExtensibilityGlobals) = postSolution
		SolutionGuid = {A1CB185D-A50D-409B-839A-E9616EE07EA4}
	EndGlobalSection
EndGlobal
